
Microsoft Visual Studio Solution File, Format Version 12.00
# Visual Studio Version 17
VisualStudioVersion = 17.6.33712.159
MinimumVisualStudioVersion = 10.0.40219.1
Project("{FAE04EC0-301F-11D3-BF4B-00C04F79EFBC}") = "SmartCafe", "SmartCafe.csproj", "{25D4702F-50C0-4191-AE2B-E8AEB1122301}"
EndProject
Global
	GlobalSection(SolutionConfigurationPlatforms) = preSolution
		Debug|Any CPU = Debug|Any CPU
		Release|Any CPU = Release|Any CPU
	EndGlobalSection
	GlobalSection(ProjectConfigurationPlatforms) = postSolution
		{25D4702F-50C0-4191-AE2B-E8AEB1122301}.Debug|Any CPU.ActiveCfg = Debug|Any CPU
		{25D4702F-50C0-4191-AE2B-E8AEB1122301}.Debug|Any CPU.Build.0 = Debug|Any CPU
		{25D4702F-50C0-4191-AE2B-E8AEB1122301}.Release|Any CPU.ActiveCfg = Release|Any CPU
		{25D4702F-50C0-4191-AE2B-E8AEB1122301}.Release|Any CPU.Build.0 = Release|Any CPU
	EndGlobalSection
	GlobalSection(SolutionProperties) = preSolution
		HideSolutionNode = FALSE
	EndGlobalSection
	GlobalSection(ExtensibilityGlobals) = postSolution
		SolutionGuid = {3F859FBD-7657-4972-9778-71DD198039F1}
	EndGlobalSection
EndGlobal
